// !$*UTF8*$!
{
	archiveVersion = 1;
	classes = {
	};
	objectVersion = 54;
	objects = {

/* Begin PBXBuildFile section */
		0C80B921A6F3F58F76C31292 /* libPods-KnobeeNew.a in Frameworks */ = {isa = PBXBuildFile; fileRef = 5DCACB8F33CDC322A6C60F78 /* libPods-KnobeeNew.a */; };
		13B07FBF1A68108700A75B9A /* Images.xcassets in Resources */ = {isa = PBXBuildFile; fileRef = 13B07FB51A68108700A75B9A /* Images.xcassets */; };
		761780ED2CA45674006654EE /* AppDelegate.swift in Sources */ = {isa = PBXBuildFile; fileRef = 761780EC2CA45674006654EE /* AppDelegate.swift */; };
		81AB9BB82411601600AC10FF /* LaunchScreen.storyboard in Resources */ = {isa = PBXBuildFile; fileRef = 81AB9BB72411601600AC10FF /* LaunchScreen.storyboard */; };
		6CFC43C576124FADB847414C /* SofiaSansCondensed-MediumItalic.ttf in Resources */ = {isa = PBXBuildFile; fileRef = 3AF6C1AD0C004FB3B86ACE09 /* SofiaSansCondensed-MediumItalic.ttf */; };
		419E1C011DDE40619A295FAD /* SofiaSansCondensed-LightItalic.ttf in Resources */ = {isa = PBXBuildFile; fileRef = 0C02B2D8671A4809A26925CC /* SofiaSansCondensed-LightItalic.ttf */; };
		4ED440B44A8946F88461B16D /* SofiaSansCondensed-SemiBold.ttf in Resources */ = {isa = PBXBuildFile; fileRef = 6F4F6ACA1D3341C39A1914B2 /* SofiaSansCondensed-SemiBold.ttf */; };
		4BC27EBFB05340B2AE0F1C03 /* SofiaSansCondensed-Bold.ttf in Resources */ = {isa = PBXBuildFile; fileRef = 4FD94AD020C3477DAEB329D1 /* SofiaSansCondensed-Bold.ttf */; };
		FF0677BD4E664D748C610F0D /* SofiaSansCondensed-Thin.ttf in Resources */ = {isa = PBXBuildFile; fileRef = 518FCB0152084E67BAB9BAA8 /* SofiaSansCondensed-Thin.ttf */; };
		FC1C5F09B23F4FF4AD936747 /* SofiaSansCondensed-ExtraLightItalic.ttf in Resources */ = {isa = PBXBuildFile; fileRef = E0F1679879F24A6C923DFF11 /* SofiaSansCondensed-ExtraLightItalic.ttf */; };
		4E057B4A12754D67B9CA47A3 /* SofiaSansCondensed-Light.ttf in Resources */ = {isa = PBXBuildFile; fileRef = DB047C15C0F54F6BAC42DFC8 /* SofiaSansCondensed-Light.ttf */; };
		ED9CB6887B3B452FB1EB3B08 /* SofiaSansCondensed-Italic.ttf in Resources */ = {isa = PBXBuildFile; fileRef = FBED1FDE2FE04F9AADC1DF4D /* SofiaSansCondensed-Italic.ttf */; };
		14591E27E64C48FD82274D35 /* SofiaSansCondensed-Regular.ttf in Resources */ = {isa = PBXBuildFile; fileRef = 20956AD0B17E400981B1CD65 /* SofiaSansCondensed-Regular.ttf */; };
		2CDF8345EB7A434BB61933F7 /* SofiaSansCondensed-BlackItalic.ttf in Resources */ = {isa = PBXBuildFile; fileRef = 7A9832BD16534D3AA5CAFF4A /* SofiaSansCondensed-BlackItalic.ttf */; };
		473214C652CF41C98E42293D /* SofiaSansCondensed-SemiBoldItalic.ttf in Resources */ = {isa = PBXBuildFile; fileRef = F7703E709C1E475B8CF7538D /* SofiaSansCondensed-SemiBoldItalic.ttf */; };
		AE605D196F3A4EA282B8BAC3 /* SofiaSansCondensed-ExtraBoldItalic.ttf in Resources */ = {isa = PBXBuildFile; fileRef = 5982AEA9A1284E25A06172B4 /* SofiaSansCondensed-ExtraBoldItalic.ttf */; };
		4EE81BE21FCC4DEBAF7E9C21 /* SofiaSansCondensed-Medium.ttf in Resources */ = {isa = PBXBuildFile; fileRef = 7CBDC7314CD844B68A622DBB /* SofiaSansCondensed-Medium.ttf */; };
		6C544405938C4C969768E4BA /* SofiaSansCondensed-BoldItalic.ttf in Resources */ = {isa = PBXBuildFile; fileRef = 078293D9C0484526863AA232 /* SofiaSansCondensed-BoldItalic.ttf */; };
		6C46A2687C55448497C07103 /* SofiaSansCondensed-ThinItalic.ttf in Resources */ = {isa = PBXBuildFile; fileRef = 1102A4E22F074D6E89C2F1C7 /* SofiaSansCondensed-ThinItalic.ttf */; };
		8A5BEBEE202F4EDB9749759C /* SofiaSansCondensed-ExtraLight.ttf in Resources */ = {isa = PBXBuildFile; fileRef = 11AE44B8E28A4B66928DE78F /* SofiaSansCondensed-ExtraLight.ttf */; };
		D72BC91E18C94762BBFAC9DD /* SofiaSansCondensed-Black.ttf in Resources */ = {isa = PBXBuildFile; fileRef = C5ED993194234CD28E3E63FC /* SofiaSansCondensed-Black.ttf */; };
		3FDA2914F0C24EC98A9B83D5 /* SofiaSansCondensed-ExtraBold.ttf in Resources */ = {isa = PBXBuildFile; fileRef = 22B965BACA664E20A34EFBAA /* SofiaSansCondensed-ExtraBold.ttf */; };
/* End PBXBuildFile section */

/* Begin PBXFileReference section */
		13B07F961A680F5B00A75B9A /* KnobeeNew.app */ = {isa = PBXFileReference; explicitFileType = wrapper.application; includeInIndex = 0; path = KnobeeNew.app; sourceTree = BUILT_PRODUCTS_DIR; };
		13B07FB51A68108700A75B9A /* Images.xcassets */ = {isa = PBXFileReference; lastKnownFileType = folder.assetcatalog; name = Images.xcassets; path = KnobeeNew/Images.xcassets; sourceTree = "<group>"; };
		13B07FB61A68108700A75B9A /* Info.plist */ = {isa = PBXFileReference; fileEncoding = 4; lastKnownFileType = text.plist.xml; name = Info.plist; path = KnobeeNew/Info.plist; sourceTree = "<group>"; };
		13B07FB81A68108700A75B9A /* PrivacyInfo.xcprivacy */ = {isa = PBXFileReference; fileEncoding = 4; lastKnownFileType = text.plist.xml; name = PrivacyInfo.xcprivacy; path = KnobeeNew/PrivacyInfo.xcprivacy; sourceTree = "<group>"; };
		3B4392A12AC88292D35C810B /* Pods-KnobeeNew.debug.xcconfig */ = {isa = PBXFileReference; includeInIndex = 1; lastKnownFileType = text.xcconfig; name = "Pods-KnobeeNew.debug.xcconfig"; path = "Target Support Files/Pods-KnobeeNew/Pods-KnobeeNew.debug.xcconfig"; sourceTree = "<group>"; };
		5709B34CF0A7D63546082F79 /* Pods-KnobeeNew.release.xcconfig */ = {isa = PBXFileReference; includeInIndex = 1; lastKnownFileType = text.xcconfig; name = "Pods-KnobeeNew.release.xcconfig"; path = "Target Support Files/Pods-KnobeeNew/Pods-KnobeeNew.release.xcconfig"; sourceTree = "<group>"; };
		5DCACB8F33CDC322A6C60F78 /* libPods-KnobeeNew.a */ = {isa = PBXFileReference; explicitFileType = archive.ar; includeInIndex = 0; path = "libPods-KnobeeNew.a"; sourceTree = BUILT_PRODUCTS_DIR; };
		761780EC2CA45674006654EE /* AppDelegate.swift */ = {isa = PBXFileReference; lastKnownFileType = sourcecode.swift; name = AppDelegate.swift; path = KnobeeNew/AppDelegate.swift; sourceTree = "<group>"; };
		81AB9BB72411601600AC10FF /* LaunchScreen.storyboard */ = {isa = PBXFileReference; fileEncoding = 4; lastKnownFileType = file.storyboard; name = LaunchScreen.storyboard; path = KnobeeNew/LaunchScreen.storyboard; sourceTree = "<group>"; };
		ED297162215061F000B7C4FE /* JavaScriptCore.framework */ = {isa = PBXFileReference; lastKnownFileType = wrapper.framework; name = JavaScriptCore.framework; path = System/Library/Frameworks/JavaScriptCore.framework; sourceTree = SDKROOT; };
		3AF6C1AD0C004FB3B86ACE09 /* SofiaSansCondensed-MediumItalic.ttf */ = {isa = PBXFileReference; name = "SofiaSansCondensed-MediumItalic.ttf"; path = "../assets/fonts/SofiaSansCondensed-MediumItalic.ttf"; sourceTree = "<group>"; fileEncoding = undefined; lastKnownFileType = unknown; explicitFileType = undefined; includeInIndex = 0; };
		0C02B2D8671A4809A26925CC /* SofiaSansCondensed-LightItalic.ttf */ = {isa = PBXFileReference; name = "SofiaSansCondensed-LightItalic.ttf"; path = "../assets/fonts/SofiaSansCondensed-LightItalic.ttf"; sourceTree = "<group>"; fileEncoding = undefined; lastKnownFileType = unknown; explicitFileType = undefined; includeInIndex = 0; };
		6F4F6ACA1D3341C39A1914B2 /* SofiaSansCondensed-SemiBold.ttf */ = {isa = PBXFileReference; name = "SofiaSansCondensed-SemiBold.ttf"; path = "../assets/fonts/SofiaSansCondensed-SemiBold.ttf"; sourceTree = "<group>"; fileEncoding = undefined; lastKnownFileType = unknown; explicitFileType = undefined; includeInIndex = 0; };
		4FD94AD020C3477DAEB329D1 /* SofiaSansCondensed-Bold.ttf */ = {isa = PBXFileReference; name = "SofiaSansCondensed-Bold.ttf"; path = "../assets/fonts/SofiaSansCondensed-Bold.ttf"; sourceTree = "<group>"; fileEncoding = undefined; lastKnownFileType = unknown; explicitFileType = undefined; includeInIndex = 0; };
		518FCB0152084E67BAB9BAA8 /* SofiaSansCondensed-Thin.ttf */ = {isa = PBXFileReference; name = "SofiaSansCondensed-Thin.ttf"; path = "../assets/fonts/SofiaSansCondensed-Thin.ttf"; sourceTree = "<group>"; fileEncoding = undefined; lastKnownFileType = unknown; explicitFileType = undefined; includeInIndex = 0; };
		E0F1679879F24A6C923DFF11 /* SofiaSansCondensed-ExtraLightItalic.ttf */ = {isa = PBXFileReference; name = "SofiaSansCondensed-ExtraLightItalic.ttf"; path = "../assets/fonts/SofiaSansCondensed-ExtraLightItalic.ttf"; sourceTree = "<group>"; fileEncoding = undefined; lastKnownFileType = unknown; explicitFileType = undefined; includeInIndex = 0; };
		DB047C15C0F54F6BAC42DFC8 /* SofiaSansCondensed-Light.ttf */ = {isa = PBXFileReference; name = "SofiaSansCondensed-Light.ttf"; path = "../assets/fonts/SofiaSansCondensed-Light.ttf"; sourceTree = "<group>"; fileEncoding = undefined; lastKnownFileType = unknown; explicitFileType = undefined; includeInIndex = 0; };
		FBED1FDE2FE04F9AADC1DF4D /* SofiaSansCondensed-Italic.ttf */ = {isa = PBXFileReference; name = "SofiaSansCondensed-Italic.ttf"; path = "../assets/fonts/SofiaSansCondensed-Italic.ttf"; sourceTree = "<group>"; fileEncoding = undefined; lastKnownFileType = unknown; explicitFileType = undefined; includeInIndex = 0; };
		20956AD0B17E400981B1CD65 /* SofiaSansCondensed-Regular.ttf */ = {isa = PBXFileReference; name = "SofiaSansCondensed-Regular.ttf"; path = "../assets/fonts/SofiaSansCondensed-Regular.ttf"; sourceTree = "<group>"; fileEncoding = undefined; lastKnownFileType = unknown; explicitFileType = undefined; includeInIndex = 0; };
		7A9832BD16534D3AA5CAFF4A /* SofiaSansCondensed-BlackItalic.ttf */ = {isa = PBXFileReference; name = "SofiaSansCondensed-BlackItalic.ttf"; path = "../assets/fonts/SofiaSansCondensed-BlackItalic.ttf"; sourceTree = "<group>"; fileEncoding = undefined; lastKnownFileType = unknown; explicitFileType = undefined; includeInIndex = 0; };
		F7703E709C1E475B8CF7538D /* SofiaSansCondensed-SemiBoldItalic.ttf */ = {isa = PBXFileReference; name = "SofiaSansCondensed-SemiBoldItalic.ttf"; path = "../assets/fonts/SofiaSansCondensed-SemiBoldItalic.ttf"; sourceTree = "<group>"; fileEncoding = undefined; lastKnownFileType = unknown; explicitFileType = undefined; includeInIndex = 0; };
		5982AEA9A1284E25A06172B4 /* SofiaSansCondensed-ExtraBoldItalic.ttf */ = {isa = PBXFileReference; name = "SofiaSansCondensed-ExtraBoldItalic.ttf"; path = "../assets/fonts/SofiaSansCondensed-ExtraBoldItalic.ttf"; sourceTree = "<group>"; fileEncoding = undefined; lastKnownFileType = unknown; explicitFileType = undefined; includeInIndex = 0; };
		7CBDC7314CD844B68A622DBB /* SofiaSansCondensed-Medium.ttf */ = {isa = PBXFileReference; name = "SofiaSansCondensed-Medium.ttf"; path = "../assets/fonts/SofiaSansCondensed-Medium.ttf"; sourceTree = "<group>"; fileEncoding = undefined; lastKnownFileType = unknown; explicitFileType = undefined; includeInIndex = 0; };
		078293D9C0484526863AA232 /* SofiaSansCondensed-BoldItalic.ttf */ = {isa = PBXFileReference; name = "SofiaSansCondensed-BoldItalic.ttf"; path = "../assets/fonts/SofiaSansCondensed-BoldItalic.ttf"; sourceTree = "<group>"; fileEncoding = undefined; lastKnownFileType = unknown; explicitFileType = undefined; includeInIndex = 0; };
		1102A4E22F074D6E89C2F1C7 /* SofiaSansCondensed-ThinItalic.ttf */ = {isa = PBXFileReference; name = "SofiaSansCondensed-ThinItalic.ttf"; path = "../assets/fonts/SofiaSansCondensed-ThinItalic.ttf"; sourceTree = "<group>"; fileEncoding = undefined; lastKnownFileType = unknown; explicitFileType = undefined; includeInIndex = 0; };
		11AE44B8E28A4B66928DE78F /* SofiaSansCondensed-ExtraLight.ttf */ = {isa = PBXFileReference; name = "SofiaSansCondensed-ExtraLight.ttf"; path = "../assets/fonts/SofiaSansCondensed-ExtraLight.ttf"; sourceTree = "<group>"; fileEncoding = undefined; lastKnownFileType = unknown; explicitFileType = undefined; includeInIndex = 0; };
		C5ED993194234CD28E3E63FC /* SofiaSansCondensed-Black.ttf */ = {isa = PBXFileReference; name = "SofiaSansCondensed-Black.ttf"; path = "../assets/fonts/SofiaSansCondensed-Black.ttf"; sourceTree = "<group>"; fileEncoding = undefined; lastKnownFileType = unknown; explicitFileType = undefined; includeInIndex = 0; };
		22B965BACA664E20A34EFBAA /* SofiaSansCondensed-ExtraBold.ttf */ = {isa = PBXFileReference; name = "SofiaSansCondensed-ExtraBold.ttf"; path = "../assets/fonts/SofiaSansCondensed-ExtraBold.ttf"; sourceTree = "<group>"; fileEncoding = undefined; lastKnownFileType = unknown; explicitFileType = undefined; includeInIndex = 0; };
/* End PBXFileReference section */

/* Begin PBXFrameworksBuildPhase section */
		13B07F8C1A680F5B00A75B9A /* Frameworks */ = {
			isa = PBXFrameworksBuildPhase;
			buildActionMask = 2147483647;
			files = (
				0C80B921A6F3F58F76C31292 /* libPods-KnobeeNew.a in Frameworks */,
			);
			runOnlyForDeploymentPostprocessing = 0;
		};
/* End PBXFrameworksBuildPhase section */

/* Begin PBXGroup section */
		13B07FAE1A68108700A75B9A /* KnobeeNew */ = {
			isa = PBXGroup;
			children = (
				13B07FB51A68108700A75B9A /* Images.xcassets */,
				761780EC2CA45674006654EE /* AppDelegate.swift */,
				13B07FB61A68108700A75B9A /* Info.plist */,
				81AB9BB72411601600AC10FF /* LaunchScreen.storyboard */,
				13B07FB81A68108700A75B9A /* PrivacyInfo.xcprivacy */,
			);
			name = KnobeeNew;
			sourceTree = "<group>";
		};
		2D16E6871FA4F8E400B85C8A /* Frameworks */ = {
			isa = PBXGroup;
			children = (
				ED297162215061F000B7C4FE /* JavaScriptCore.framework */,
				5DCACB8F33CDC322A6C60F78 /* libPods-KnobeeNew.a */,
			);
			name = Frameworks;
			sourceTree = "<group>";
		};
		832341AE1AAA6A7D00B99B32 /* Libraries */ = {
			isa = PBXGroup;
			children = (
			);
			name = Libraries;
			sourceTree = "<group>";
		};
		83CBB9F61A601CBA00E9B192 = {
			isa = PBXGroup;
			children = (
				13B07FAE1A68108700A75B9A /* KnobeeNew */,
				832341AE1AAA6A7D00B99B32 /* Libraries */,
				83CBBA001A601CBA00E9B192 /* Products */,
				2D16E6871FA4F8E400B85C8A /* Frameworks */,
				BBD78D7AC51CEA395F1C20DB /* Pods */,
				737421E3B04645D6949C2DEF /* Resources */,
			);
			indentWidth = 2;
			sourceTree = "<group>";
			tabWidth = 2;
			usesTabs = 0;
		};
		83CBBA001A601CBA00E9B192 /* Products */ = {
			isa = PBXGroup;
			children = (
				13B07F961A680F5B00A75B9A /* KnobeeNew.app */,
			);
			name = Products;
			sourceTree = "<group>";
		};
		BBD78D7AC51CEA395F1C20DB /* Pods */ = {
			isa = PBXGroup;
			children = (
				3B4392A12AC88292D35C810B /* Pods-KnobeeNew.debug.xcconfig */,
				5709B34CF0A7D63546082F79 /* Pods-KnobeeNew.release.xcconfig */,
			);
			path = Pods;
			sourceTree = "<group>";
		};
		737421E3B04645D6949C2DEF /* Resources */ = {
			isa = "PBXGroup";
			children = (
				3AF6C1AD0C004FB3B86ACE09 /* SofiaSansCondensed-MediumItalic.ttf */,
				0C02B2D8671A4809A26925CC /* SofiaSansCondensed-LightItalic.ttf */,
				6F4F6ACA1D3341C39A1914B2 /* SofiaSansCondensed-SemiBold.ttf */,
				4FD94AD020C3477DAEB329D1 /* SofiaSansCondensed-Bold.ttf */,
				518FCB0152084E67BAB9BAA8 /* SofiaSansCondensed-Thin.ttf */,
				E0F1679879F24A6C923DFF11 /* SofiaSansCondensed-ExtraLightItalic.ttf */,
				DB047C15C0F54F6BAC42DFC8 /* SofiaSansCondensed-Light.ttf */,
				FBED1FDE2FE04F9AADC1DF4D /* SofiaSansCondensed-Italic.ttf */,
				20956AD0B17E400981B1CD65 /* SofiaSansCondensed-Regular.ttf */,
				7A9832BD16534D3AA5CAFF4A /* SofiaSansCondensed-BlackItalic.ttf */,
				F7703E709C1E475B8CF7538D /* SofiaSansCondensed-SemiBoldItalic.ttf */,
				5982AEA9A1284E25A06172B4 /* SofiaSansCondensed-ExtraBoldItalic.ttf */,
				7CBDC7314CD844B68A622DBB /* SofiaSansCondensed-Medium.ttf */,
				078293D9C0484526863AA232 /* SofiaSansCondensed-BoldItalic.ttf */,
				1102A4E22F074D6E89C2F1C7 /* SofiaSansCondensed-ThinItalic.ttf */,
				11AE44B8E28A4B66928DE78F /* SofiaSansCondensed-ExtraLight.ttf */,
				C5ED993194234CD28E3E63FC /* SofiaSansCondensed-Black.ttf */,
				22B965BACA664E20A34EFBAA /* SofiaSansCondensed-ExtraBold.ttf */,
			);
			name = Resources;
			sourceTree = "<group>";
			path = "";
		};
/* End PBXGroup section */

/* Begin PBXNativeTarget section */
		13B07F861A680F5B00A75B9A /* KnobeeNew */ = {
			isa = PBXNativeTarget;
			buildConfigurationList = 13B07F931A680F5B00A75B9A /* Build configuration list for PBXNativeTarget "KnobeeNew" */;
			buildPhases = (
				C38B50BA6285516D6DCD4F65 /* [CP] Check Pods Manifest.lock */,
				13B07F871A680F5B00A75B9A /* Sources */,
				13B07F8C1A680F5B00A75B9A /* Frameworks */,
				13B07F8E1A680F5B00A75B9A /* Resources */,
				00DD1BFF1BD5951E006B06BC /* Bundle React Native code and images */,
				00EEFC60759A1932668264C0 /* [CP] Embed Pods Frameworks */,
				E235C05ADACE081382539298 /* [CP] Copy Pods Resources */,
			);
			buildRules = (
			);
			dependencies = (
			);
			name = KnobeeNew;
			productName = KnobeeNew;
			productReference = 13B07F961A680F5B00A75B9A /* KnobeeNew.app */;
			productType = "com.apple.product-type.application";
		};
/* End PBXNativeTarget section */

/* Begin PBXProject section */
		83CBB9F71A601CBA00E9B192 /* Project object */ = {
			isa = PBXProject;
			attributes = {
				LastUpgradeCheck = 1210;
				TargetAttributes = {
					13B07F861A680F5B00A75B9A = {
						LastSwiftMigration = 1120;
					};
				};
			};
			buildConfigurationList = 83CBB9FA1A601CBA00E9B192 /* Build configuration list for PBXProject "KnobeeNew" */;
			compatibilityVersion = "Xcode 12.0";
			developmentRegion = en;
			hasScannedForEncodings = 0;
			knownRegions = (
				en,
				Base,
			);
			mainGroup = 83CBB9F61A601CBA00E9B192;
			productRefGroup = 83CBBA001A601CBA00E9B192 /* Products */;
			projectDirPath = "";
			projectRoot = "";
			targets = (
				13B07F861A680F5B00A75B9A /* KnobeeNew */,
			);
		};
/* End PBXProject section */

/* Begin PBXResourcesBuildPhase section */
		13B07F8E1A680F5B00A75B9A /* Resources */ = {
			isa = PBXResourcesBuildPhase;
			buildActionMask = 2147483647;
			files = (
				81AB9BB82411601600AC10FF /* LaunchScreen.storyboard in Resources */,
				13B07FBF1A68108700A75B9A /* Images.xcassets in Resources */,
				6CFC43C576124FADB847414C /* SofiaSansCondensed-MediumItalic.ttf in Resources */,
				419E1C011DDE40619A295FAD /* SofiaSansCondensed-LightItalic.ttf in Resources */,
				4ED440B44A8946F88461B16D /* SofiaSansCondensed-SemiBold.ttf in Resources */,
				4BC27EBFB05340B2AE0F1C03 /* SofiaSansCondensed-Bold.ttf in Resources */,
				FF0677BD4E664D748C610F0D /* SofiaSansCondensed-Thin.ttf in Resources */,
				FC1C5F09B23F4FF4AD936747 /* SofiaSansCondensed-ExtraLightItalic.ttf in Resources */,
				4E057B4A12754D67B9CA47A3 /* SofiaSansCondensed-Light.ttf in Resources */,
				ED9CB6887B3B452FB1EB3B08 /* SofiaSansCondensed-Italic.ttf in Resources */,
				14591E27E64C48FD82274D35 /* SofiaSansCondensed-Regular.ttf in Resources */,
				2CDF8345EB7A434BB61933F7 /* SofiaSansCondensed-BlackItalic.ttf in Resources */,
				473214C652CF41C98E42293D /* SofiaSansCondensed-SemiBoldItalic.ttf in Resources */,
				AE605D196F3A4EA282B8BAC3 /* SofiaSansCondensed-ExtraBoldItalic.ttf in Resources */,
				4EE81BE21FCC4DEBAF7E9C21 /* SofiaSansCondensed-Medium.ttf in Resources */,
				6C544405938C4C969768E4BA /* SofiaSansCondensed-BoldItalic.ttf in Resources */,
				6C46A2687C55448497C07103 /* SofiaSansCondensed-ThinItalic.ttf in Resources */,
				8A5BEBEE202F4EDB9749759C /* SofiaSansCondensed-ExtraLight.ttf in Resources */,
				D72BC91E18C94762BBFAC9DD /* SofiaSansCondensed-Black.ttf in Resources */,
				3FDA2914F0C24EC98A9B83D5 /* SofiaSansCondensed-ExtraBold.ttf in Resources */,
			);
			runOnlyForDeploymentPostprocessing = 0;
		};
/* End PBXResourcesBuildPhase section */

/* Begin PBXShellScriptBuildPhase section */
		00DD1BFF1BD5951E006B06BC /* Bundle React Native code and images */ = {
			isa = PBXShellScriptBuildPhase;
			buildActionMask = 2147483647;
			files = (
			);
			inputPaths = (
				"$(SRCROOT)/.xcode.env.local",
				"$(SRCROOT)/.xcode.env",
			);
			name = "Bundle React Native code and images";
			outputPaths = (
			);
			runOnlyForDeploymentPostprocessing = 0;
			shellPath = /bin/sh;
			shellScript = "set -e\n\nWITH_ENVIRONMENT=\"$REACT_NATIVE_PATH/scripts/xcode/with-environment.sh\"\nREACT_NATIVE_XCODE=\"$REACT_NATIVE_PATH/scripts/react-native-xcode.sh\"\n\n/bin/sh -c \"\\\"$WITH_ENVIRONMENT\\\" \\\"$REACT_NATIVE_XCODE\\\"\"\n";
		};
		00EEFC60759A1932668264C0 /* [CP] Embed Pods Frameworks */ = {
			isa = PBXShellScriptBuildPhase;
			buildActionMask = 2147483647;
			files = (
			);
			inputFileListPaths = (
				"${PODS_ROOT}/Target Support Files/Pods-KnobeeNew/Pods-KnobeeNew-frameworks-${CONFIGURATION}-input-files.xcfilelist",
			);
			name = "[CP] Embed Pods Frameworks";
			outputFileListPaths = (
				"${PODS_ROOT}/Target Support Files/Pods-KnobeeNew/Pods-KnobeeNew-frameworks-${CONFIGURATION}-output-files.xcfilelist",
			);
			runOnlyForDeploymentPostprocessing = 0;
			shellPath = /bin/sh;
			shellScript = "\"${PODS_ROOT}/Target Support Files/Pods-KnobeeNew/Pods-KnobeeNew-frameworks.sh\"\n";
			showEnvVarsInLog = 0;
		};
		C38B50BA6285516D6DCD4F65 /* [CP] Check Pods Manifest.lock */ = {
			isa = PBXShellScriptBuildPhase;
			buildActionMask = 2147483647;
			files = (
			);
			inputFileListPaths = (
			);
			inputPaths = (
				"${PODS_PODFILE_DIR_PATH}/Podfile.lock",
				"${PODS_ROOT}/Manifest.lock",
			);
			name = "[CP] Check Pods Manifest.lock";
			outputFileListPaths = (
			);
			outputPaths = (
				"$(DERIVED_FILE_DIR)/Pods-KnobeeNew-checkManifestLockResult.txt",
			);
			runOnlyForDeploymentPostprocessing = 0;
			shellPath = /bin/sh;
			shellScript = "diff \"${PODS_PODFILE_DIR_PATH}/Podfile.lock\" \"${PODS_ROOT}/Manifest.lock\" > /dev/null\nif [ $? != 0 ] ; then\n    # print error to STDERR\n    echo \"error: The sandbox is not in sync with the Podfile.lock. Run 'pod install' or update your CocoaPods installation.\" >&2\n    exit 1\nfi\n# This output is used by Xcode 'outputs' to avoid re-running this script phase.\necho \"SUCCESS\" > \"${SCRIPT_OUTPUT_FILE_0}\"\n";
			showEnvVarsInLog = 0;
		};
		E235C05ADACE081382539298 /* [CP] Copy Pods Resources */ = {
			isa = PBXShellScriptBuildPhase;
			buildActionMask = 2147483647;
			files = (
			);
			inputFileListPaths = (
				"${PODS_ROOT}/Target Support Files/Pods-KnobeeNew/Pods-KnobeeNew-resources-${CONFIGURATION}-input-files.xcfilelist",
			);
			name = "[CP] Copy Pods Resources";
			outputFileListPaths = (
				"${PODS_ROOT}/Target Support Files/Pods-KnobeeNew/Pods-KnobeeNew-resources-${CONFIGURATION}-output-files.xcfilelist",
			);
			runOnlyForDeploymentPostprocessing = 0;
			shellPath = /bin/sh;
			shellScript = "\"${PODS_ROOT}/Target Support Files/Pods-KnobeeNew/Pods-KnobeeNew-resources.sh\"\n";
			showEnvVarsInLog = 0;
		};
/* End PBXShellScriptBuildPhase section */

/* Begin PBXSourcesBuildPhase section */
		13B07F871A680F5B00A75B9A /* Sources */ = {
			isa = PBXSourcesBuildPhase;
			buildActionMask = 2147483647;
			files = (
				761780ED2CA45674006654EE /* AppDelegate.swift in Sources */,
			);
			runOnlyForDeploymentPostprocessing = 0;
		};
/* End PBXSourcesBuildPhase section */

/* Begin XCBuildConfiguration section */
		13B07F941A680F5B00A75B9A /* Debug */ = {
			isa = XCBuildConfiguration;
			baseConfigurationReference = 3B4392A12AC88292D35C810B /* Pods-KnobeeNew.debug.xcconfig */;
			buildSettings = {
				ASSETCATALOG_COMPILER_APPICON_NAME = AppIcon;
				CLANG_ENABLE_MODULES = YES;
				CURRENT_PROJECT_VERSION = 1;
				ENABLE_BITCODE = NO;
				INFOPLIST_FILE = KnobeeNew/Info.plist;
				IPHONEOS_DEPLOYMENT_TARGET = 15.1;
				LD_RUNPATH_SEARCH_PATHS = (
					"$(inherited)",
					"@executable_path/Frameworks",
				);
				MARKETING_VERSION = 1.0;
				OTHER_LDFLAGS = (
					"$(inherited)",
					"-ObjC",
					"-lc++",
				);
				PRODUCT_BUNDLE_IDENTIFIER = "org.reactjs.native.example.$(PRODUCT_NAME:rfc1034identifier)";
				PRODUCT_NAME = KnobeeNew;
				SUPPORTED_PLATFORMS = "iphoneos iphonesimulator";
				SWIFT_OPTIMIZATION_LEVEL = "-Onone";
				SWIFT_VERSION = 5.0;
				TARGETED_DEVICE_FAMILY = "1,2";
				VERSIONING_SYSTEM = "apple-generic";
			};
			name = Debug;
		};
		13B07F951A680F5B00A75B9A /* Release */ = {
			isa = XCBuildConfiguration;
			baseConfigurationReference = 5709B34CF0A7D63546082F79 /* Pods-KnobeeNew.release.xcconfig */;
			buildSettings = {
				ASSETCATALOG_COMPILER_APPICON_NAME = AppIcon;
				CLANG_ENABLE_MODULES = YES;
				CURRENT_PROJECT_VERSION = 1;
				INFOPLIST_FILE = KnobeeNew/Info.plist;
				IPHONEOS_DEPLOYMENT_TARGET = 15.1;
				LD_RUNPATH_SEARCH_PATHS = (
					"$(inherited)",
					"@executable_path/Frameworks",
				);
				MARKETING_VERSION = 1.0;
				OTHER_LDFLAGS = (
					"$(inherited)",
					"-ObjC",
					"-lc++",
				);
				PRODUCT_BUNDLE_IDENTIFIER = "org.reactjs.native.example.$(PRODUCT_NAME:rfc1034identifier)";
				PRODUCT_NAME = KnobeeNew;
				SUPPORTED_PLATFORMS = "iphoneos iphonesimulator";
				SWIFT_VERSION = 5.0;
				TARGETED_DEVICE_FAMILY = "1,2";
				VERSIONING_SYSTEM = "apple-generic";
			};
			name = Release;
		};
		83CBBA201A601CBA00E9B192 /* Debug */ = {
			isa = XCBuildConfiguration;
			buildSettings = {
				ALWAYS_SEARCH_USER_PATHS = NO;
				CLANG_ANALYZER_LOCALIZABILITY_NONLOCALIZED = YES;
				CLANG_CXX_LANGUAGE_STANDARD = "c++20";
				CLANG_CXX_LIBRARY = "libc++";
				CLANG_ENABLE_MODULES = YES;
				CLANG_ENABLE_OBJC_ARC = YES;
				CLANG_WARN_BLOCK_CAPTURE_AUTORELEASING = YES;
				CLANG_WARN_BOOL_CONVERSION = YES;
				CLANG_WARN_COMMA = YES;
				CLANG_WARN_CONSTANT_CONVERSION = YES;
				CLANG_WARN_DEPRECATED_OBJC_IMPLEMENTATIONS = YES;
				CLANG_WARN_DIRECT_OBJC_ISA_USAGE = YES_ERROR;
				CLANG_WARN_EMPTY_BODY = YES;
				CLANG_WARN_ENUM_CONVERSION = YES;
				CLANG_WARN_INFINITE_RECURSION = YES;
				CLANG_WARN_INT_CONVERSION = YES;
				CLANG_WARN_NON_LITERAL_NULL_CONVERSION = YES;
				CLANG_WARN_OBJC_IMPLICIT_RETAIN_SELF = YES;
				CLANG_WARN_OBJC_LITERAL_CONVERSION = YES;
				CLANG_WARN_OBJC_ROOT_CLASS = YES_ERROR;
				CLANG_WARN_QUOTED_INCLUDE_IN_FRAMEWORK_HEADER = YES;
				CLANG_WARN_RANGE_LOOP_ANALYSIS = YES;
				CLANG_WARN_STRICT_PROTOTYPES = YES;
				CLANG_WARN_SUSPICIOUS_MOVE = YES;
				CLANG_WARN_UNREACHABLE_CODE = YES;
				CLANG_WARN__DUPLICATE_METHOD_MATCH = YES;
				"CODE_SIGN_IDENTITY[sdk=iphoneos*]" = "iPhone Developer";
				COPY_PHASE_STRIP = NO;
				ENABLE_STRICT_OBJC_MSGSEND = YES;
				ENABLE_TESTABILITY = YES;
				"EXCLUDED_ARCHS[sdk=iphonesimulator*]" = "";
				GCC_C_LANGUAGE_STANDARD = gnu99;
				GCC_DYNAMIC_NO_PIC = NO;
				GCC_NO_COMMON_BLOCKS = YES;
				GCC_OPTIMIZATION_LEVEL = 0;
				GCC_PREPROCESSOR_DEFINITIONS = (
					"DEBUG=1",
					"$(inherited)",
				);
				GCC_SYMBOLS_PRIVATE_EXTERN = NO;
				GCC_WARN_64_TO_32_BIT_CONVERSION = YES;
				GCC_WARN_ABOUT_RETURN_TYPE = YES_ERROR;
				GCC_WARN_UNDECLARED_SELECTOR = YES;
				GCC_WARN_UNINITIALIZED_AUTOS = YES_AGGRESSIVE;
				GCC_WARN_UNUSED_FUNCTION = YES;
				GCC_WARN_UNUSED_VARIABLE = YES;
				IPHONEOS_DEPLOYMENT_TARGET = 15.1;
				LD_RUNPATH_SEARCH_PATHS = (
					/usr/lib/swift,
					"$(inherited)",
				);
				LIBRARY_SEARCH_PATHS = (
					"\"$(SDKROOT)/usr/lib/swift\"",
					"\"$(TOOLCHAIN_DIR)/usr/lib/swift/$(PLATFORM_NAME)\"",
					"\"$(inherited)\"",
				);
				MTL_ENABLE_DEBUG_INFO = YES;
				ONLY_ACTIVE_ARCH = YES;
				OTHER_CPLUSPLUSFLAGS = (
					"$(OTHER_CFLAGS)",
					"-DFOLLY_NO_CONFIG",
					"-DFOLLY_MOBILE=1",
					"-DFOLLY_USE_LIBCPP=1",
					"-DFOLLY_CFG_NO_COROUTINES=1",
					"-DFOLLY_HAVE_CLOCK_GETTIME=1",
				);
				SDKROOT = iphoneos;
			};
			name = Debug;
		};
		83CBBA211A601CBA00E9B192 /* Release */ = {
			isa = XCBuildConfiguration;
			buildSettings = {
				ALWAYS_SEARCH_USER_PATHS = NO;
				CLANG_ANALYZER_LOCALIZABILITY_NONLOCALIZED = YES;
				CLANG_CXX_LANGUAGE_STANDARD = "c++20";
				CLANG_CXX_LIBRARY = "libc++";
				CLANG_ENABLE_MODULES = YES;
				CLANG_ENABLE_OBJC_ARC = YES;
				CLANG_WARN_BLOCK_CAPTURE_AUTORELEASING = YES;
				CLANG_WARN_BOOL_CONVERSION = YES;
				CLANG_WARN_COMMA = YES;
				CLANG_WARN_CONSTANT_CONVERSION = YES;
				CLANG_WARN_DEPRECATED_OBJC_IMPLEMENTATIONS = YES;
				CLANG_WARN_DIRECT_OBJC_ISA_USAGE = YES_ERROR;
				CLANG_WARN_EMPTY_BODY = YES;
				CLANG_WARN_ENUM_CONVERSION = YES;
				CLANG_WARN_INFINITE_RECURSION = YES;
				CLANG_WARN_INT_CONVERSION = YES;
				CLANG_WARN_NON_LITERAL_NULL_CONVERSION = YES;
				CLANG_WARN_OBJC_IMPLICIT_RETAIN_SELF = YES;
				CLANG_WARN_OBJC_LITERAL_CONVERSION = YES;
				CLANG_WARN_OBJC_ROOT_CLASS = YES_ERROR;
				CLANG_WARN_QUOTED_INCLUDE_IN_FRAMEWORK_HEADER = YES;
				CLANG_WARN_RANGE_LOOP_ANALYSIS = YES;
				CLANG_WARN_STRICT_PROTOTYPES = YES;
				CLANG_WARN_SUSPICIOUS_MOVE = YES;
				CLANG_WARN_UNREACHABLE_CODE = YES;
				CLANG_WARN__DUPLICATE_METHOD_MATCH = YES;
				"CODE_SIGN_IDENTITY[sdk=iphoneos*]" = "iPhone Developer";
				COPY_PHASE_STRIP = YES;
				ENABLE_NS_ASSERTIONS = NO;
				ENABLE_STRICT_OBJC_MSGSEND = YES;
				"EXCLUDED_ARCHS[sdk=iphonesimulator*]" = "";
				GCC_C_LANGUAGE_STANDARD = gnu99;
				GCC_NO_COMMON_BLOCKS = YES;
				GCC_WARN_64_TO_32_BIT_CONVERSION = YES;
				GCC_WARN_ABOUT_RETURN_TYPE = YES_ERROR;
				GCC_WARN_UNDECLARED_SELECTOR = YES;
				GCC_WARN_UNINITIALIZED_AUTOS = YES_AGGRESSIVE;
				GCC_WARN_UNUSED_FUNCTION = YES;
				GCC_WARN_UNUSED_VARIABLE = YES;
				IPHONEOS_DEPLOYMENT_TARGET = 15.1;
				LD_RUNPATH_SEARCH_PATHS = (
					/usr/lib/swift,
					"$(inherited)",
				);
				LIBRARY_SEARCH_PATHS = (
					"\"$(SDKROOT)/usr/lib/swift\"",
					"\"$(TOOLCHAIN_DIR)/usr/lib/swift/$(PLATFORM_NAME)\"",
					"\"$(inherited)\"",
				);
				MTL_ENABLE_DEBUG_INFO = NO;
				OTHER_CPLUSPLUSFLAGS = (
					"$(OTHER_CFLAGS)",
					"-DFOLLY_NO_CONFIG",
					"-DFOLLY_MOBILE=1",
					"-DFOLLY_USE_LIBCPP=1",
					"-DFOLLY_CFG_NO_COROUTINES=1",
					"-DFOLLY_HAVE_CLOCK_GETTIME=1",
				);
				SDKROOT = iphoneos;
				VALIDATE_PRODUCT = YES;
			};
			name = Release;
		};
/* End XCBuildConfiguration section */

/* Begin XCConfigurationList section */
		13B07F931A680F5B00A75B9A /* Build configuration list for PBXNativeTarget "KnobeeNew" */ = {
			isa = XCConfigurationList;
			buildConfigurations = (
				13B07F941A680F5B00A75B9A /* Debug */,
				13B07F951A680F5B00A75B9A /* Release */,
			);
			defaultConfigurationIsVisible = 0;
			defaultConfigurationName = Release;
		};
		83CBB9FA1A601CBA00E9B192 /* Build configuration list for PBXProject "KnobeeNew" */ = {
			isa = XCConfigurationList;
			buildConfigurations = (
				83CBBA201A601CBA00E9B192 /* Debug */,
				83CBBA211A601CBA00E9B192 /* Release */,
			);
			defaultConfigurationIsVisible = 0;
			defaultConfigurationName = Release;
		};
/* End XCConfigurationList section */
	};
	rootObject = 83CBB9F71A601CBA00E9B192 /* Project object */;
}
